<?xml version="1.0" encoding="utf-8"?>
<Project ToolsVersion="4.0" xmlns="http://schemas.microsoft.com/developer/msbuild/2003">
  <ItemGroup>
    <Filter Include="properties">
      <UniqueIdentifier>{3462f046-bc7b-4948-9903-30a92bcc6c0f}</UniqueIdentifier>
    </Filter>
    <Filter Include="rendering">
      <UniqueIdentifier>{b72fc093-3546-46fc-a72f-19b9dac650a1}</UniqueIdentifier>
    </Filter>
    <Filter Include="widgets">
      <UniqueIdentifier>{9ef71601-8960-401a-a89c-18cc0b4e4edb}</UniqueIdentifier>
    </Filter>
    <Filter Include="backend">
      <UniqueIdentifier>{cbffbc80-ce64-4792-b6e2-9682887e844a}</UniqueIdentifier>
    </Filter>
  </ItemGroup>
  <ItemGroup>
    <ClInclude Include="include\ca\gui.hpp" />
    <ClInclude Include="include\ca\gui\guimanager.hpp" />
    <ClInclude Include="include\ca\gui\backend\mouse.hpp">
      <Filter>backend</Filter>
    </ClInclude>
    <ClInclude Include="include\ca\gui\backend\renderbackend.hpp">
      <Filter>backend</Filter>
    </ClInclude>
    <ClInclude Include="include\ca\gui\backend\charcoal.hpp">
      <Filter>backend</Filter>
    </ClInclude>
    <ClInclude Include="include\ca\gui\properties\clickable.hpp">
      <Filter>properties</Filter>
    </ClInclude>
    <ClInclude Include="include\ca\gui\properties\coordinate.hpp">
      <Filter>properties</Filter>
    </ClInclude>
    <ClInclude Include="include\ca\gui\properties\moveable.hpp">
      <Filter>properties</Filter>
    </ClInclude>
    <ClInclude Include="include\ca\gui\properties\refframe.hpp">
      <Filter>properties</Filter>
    </ClInclude>
    <ClInclude Include="include\ca\gui\properties\resizeable.hpp">
      <Filter>properties</Filter>
    </ClInclude>
    <ClInclude Include="include\ca\gui\properties\anchorable.hpp">
      <Filter>properties</Filter>
    </ClInclude>
    <ClInclude Include="include\ca\gui\properties\anchorprovider.hpp">
      <Filter>properties</Filter>
    </ClInclude>
    <ClInclude Include="include\ca\gui\rendering\sharp3dtheme.hpp">
      <Filter>rendering</Filter>
    </ClInclude>
    <ClInclude Include="include\ca\gui\rendering\theme.hpp">
      <Filter>rendering</Filter>
    </ClInclude>
    <ClInclude Include="include\ca\gui\rendering\flattheme.hpp">
      <Filter>rendering</Filter>
    </ClInclude>
    <ClInclude Include="include\ca\gui\widgets\label.hpp">
      <Filter>widgets</Filter>
    </ClInclude>
    <ClInclude Include="include\ca\gui\widgets\multilineeditbox.hpp">
      <Filter>widgets</Filter>
    </ClInclude>
    <ClInclude Include="include\ca\gui\widgets\node.hpp">
      <Filter>widgets</Filter>
    </ClInclude>
    <ClInclude Include="include\ca\gui\widgets\slider.hpp">
      <Filter>widgets</Filter>
    </ClInclude>
    <ClInclude Include="include\ca\gui\widgets\treelist.hpp">
      <Filter>widgets</Filter>
    </ClInclude>
    <ClInclude Include="include\ca\gui\widgets\widget.hpp">
      <Filter>widgets</Filter>
    </ClInclude>
    <ClInclude Include="include\ca\gui\widgets\button.hpp">
      <Filter>widgets</Filter>
    </ClInclude>
    <ClInclude Include="include\ca\gui\widgets\checkbox.hpp">
      <Filter>widgets</Filter>
    </ClInclude>
    <ClInclude Include="include\ca\gui\widgets\colorpicker.hpp">
      <Filter>widgets</Filter>
    </ClInclude>
    <ClInclude Include="include\ca\gui\widgets\directionpicker.hpp">
      <Filter>widgets</Filter>
    </ClInclude>
    <ClInclude Include="include\ca\gui\widgets\dropdownbox.hpp">
      <Filter>widgets</Filter>
    </ClInclude>
    <ClInclude Include="include\ca\gui\widgets\editbox.hpp">
      <Filter>widgets</Filter>
    </ClInclude>
    <ClInclude Include="include\ca\gui\widgets\frame.hpp">
      <Filter>widgets</Filter>
    </ClInclude>
    <ClInclude Include="include\ca\gui\widgets\group.hpp">
      <Filter>widgets</Filter>
    </ClInclude>
    <ClInclude Include="include\ca\gui\properties\textproperties.hpp">
      <Filter>properties</Filter>
    </ClInclude>
  </ItemGroup>
  <ItemGroup>
    <ClCompile Include="src\widgets\frame.cpp">
      <Filter>widgets</Filter>
    </ClCompile>
    <ClCompile Include="src\widgets\multilineeditbox.cpp">
      <Filter>widgets</Filter>
    </ClCompile>
    <ClCompile Include="src\widgets\slider.cpp">
      <Filter>widgets</Filter>
    </ClCompile>
    <ClCompile Include="src\widgets\treelist.cpp">
      <Filter>widgets</Filter>
    </ClCompile>
    <ClCompile Include="src\widgets\widget.cpp">
      <Filter>widgets</Filter>
    </ClCompile>
    <ClCompile Include="src\widgets\button.cpp">
      <Filter>widgets</Filter>
    </ClCompile>
    <ClCompile Include="src\widgets\colorpicker.cpp">
      <Filter>widgets</Filter>
    </ClCompile>
    <ClCompile Include="src\widgets\directionpicker.cpp">
      <Filter>widgets</Filter>
    </ClCompile>
    <ClCompile Include="src\widgets\dropdownbox.cpp">
      <Filter>widgets</Filter>
    </ClCompile>
    <ClCompile Include="src\widgets\editbox.cpp">
      <Filter>widgets</Filter>
    </ClCompile>
    <ClCompile Include="src\properties\moveable.cpp">
      <Filter>properties</Filter>
    </ClCompile>
    <ClCompile Include="src\properties\refframe.cpp">
      <Filter>properties</Filter>
    </ClCompile>
    <ClCompile Include="src\properties\resizeable.cpp">
      <Filter>properties</Filter>
    </ClCompile>
    <ClCompile Include="src\properties\anchorable.cpp">
      <Filter>properties</Filter>
    </ClCompile>
    <ClCompile Include="src\properties\clickable.cpp">
      <Filter>properties</Filter>
    </ClCompile>
    <ClCompile Include="src\properties\coordinate.cpp">
      <Filter>properties</Filter>
    </ClCompile>
    <ClCompile Include="src\rendering\flattheme.cpp">
      <Filter>rendering</Filter>
    </ClCompile>
    <ClCompile Include="src\rendering\sharp3dtheme.cpp">
      <Filter>rendering</Filter>
    </ClCompile>
    <ClCompile Include="src\backend\charcoal.cpp">
      <Filter>backend</Filter>
    </ClCompile>
    <ClCompile Include="src\guimanager.cpp" />
    <ClCompile Include="src\properties\anchorprovider.cpp">
      <Filter>properties</Filter>
    </ClCompile>
    <ClCompile Include="src\backend\mouse.cpp">
      <Filter>backend</Filter>
    </ClCompile>
    <ClCompile Include="src\widgets\checkbox.cpp">
      <Filter>widgets</Filter>
    </ClCompile>
    <ClCompile Include="src\widgets\label.cpp">
      <Filter>widgets</Filter>
    </ClCompile>
    <ClCompile Include="src\widgets\node.cpp">
      <Filter>widgets</Filter>
    </ClCompile>
    <ClCompile Include="src\widgets\group.cpp">
      <Filter>widgets</Filter>
    </ClCompile>
  </ItemGroup>
</Project>