
Microsoft Visual Studio Solution File, Format Version 12.00
# Visual Studio Version 16
VisualStudioVersion = 16.0.31205.134
MinimumVisualStudioVersion = 10.0.40219.1
Project("{8BC9CEB8-8B4A-11D0-8D11-00A0C91BC942}") = "CaGUI", "CaGUI.vcxproj", "{035D86A4-AB78-4FD9-8055-88CA4A524FC6}"
EndProject
Project("{8BC9CEB8-8B4A-11D0-8D11-00A0C91BC942}") = "GUIDemo", "demo\GUIDemo.vcxproj", "{495533C0-2980-4461-9C9D-A8E8C8DCDDAC}"
	ProjectSection(ProjectDependencies) = postProject
		{035D86A4-AB78-4FD9-8055-88CA4A524FC6} = {035D86A4-AB78-4FD9-8055-88CA4A524FC6}
	EndProjectSection
EndProject
Global
	GlobalSection(SolutionConfigurationPlatforms) = preSolution
		Debug|x64 = Debug|x64
		Debug|x86 = Debug|x86
		Release|x64 = Release|x64
		Release|x86 = Release|x86
	EndGlobalSection
	GlobalSection(ProjectConfigurationPlatforms) = postSolution
		{035D86A4-AB78-4FD9-8055-88CA4A524FC6}.Debug|x64.ActiveCfg = Debug|x64
		{035D86A4-AB78-4FD9-8055-88CA4A524FC6}.Debug|x64.Build.0 = Debug|x64
		{035D86A4-AB78-4FD9-8055-88CA4A524FC6}.Debug|x86.ActiveCfg = Debug|Win32
		{035D86A4-AB78-4FD9-8055-88CA4A524FC6}.Debug|x86.Build.0 = Debug|Win32
		{035D86A4-AB78-4FD9-8055-88CA4A524FC6}.Release|x64.ActiveCfg = Release|x64
		{035D86A4-AB78-4FD9-8055-88CA4A524FC6}.Release|x64.Build.0 = Release|x64
		{035D86A4-AB78-4FD9-8055-88CA4A524FC6}.Release|x86.ActiveCfg = Release|Win32
		{035D86A4-AB78-4FD9-8055-88CA4A524FC6}.Release|x86.Build.0 = Release|Win32
		{495533C0-2980-4461-9C9D-A8E8C8DCDDAC}.Debug|x64.ActiveCfg = Debug|x64
		{495533C0-2980-4461-9C9D-A8E8C8DCDDAC}.Debug|x64.Build.0 = Debug|x64
		{495533C0-2980-4461-9C9D-A8E8C8DCDDAC}.Debug|x86.ActiveCfg = Debug|Win32
		{495533C0-2980-4461-9C9D-A8E8C8DCDDAC}.Debug|x86.Build.0 = Debug|Win32
		{495533C0-2980-4461-9C9D-A8E8C8DCDDAC}.Release|x64.ActiveCfg = Release|x64
		{495533C0-2980-4461-9C9D-A8E8C8DCDDAC}.Release|x64.Build.0 = Release|x64
		{495533C0-2980-4461-9C9D-A8E8C8DCDDAC}.Release|x86.ActiveCfg = Release|Win32
		{495533C0-2980-4461-9C9D-A8E8C8DCDDAC}.Release|x86.Build.0 = Release|Win32
	EndGlobalSection
	GlobalSection(SolutionProperties) = preSolution
		HideSolutionNode = FALSE
	EndGlobalSection
	GlobalSection(ExtensibilityGlobals) = postSolution
		SolutionGuid = {9B98BB58-B5F5-4846-BCF6-C043C53D2E3A}
	EndGlobalSection
EndGlobal
