<?xml version="1.0" encoding="utf-8"?>
<Project ToolsVersion="4.0" xmlns="http://schemas.microsoft.com/developer/msbuild/2003">
  <ItemGroup>
    <Filter Include="include">
      <UniqueIdentifier>{42d4ec84-7de9-4bfb-8b15-1ff051d36e83}</UniqueIdentifier>
    </Filter>
    <Filter Include="src">
      <UniqueIdentifier>{2f8042db-ad54-4990-9cb8-0f33f0c1a65a}</UniqueIdentifier>
    </Filter>
    <Filter Include="src\memory">
      <UniqueIdentifier>{2d03e89e-be88-4abb-a38d-7347b0045e81}</UniqueIdentifier>
    </Filter>
    <Filter Include="include\memory">
      <UniqueIdentifier>{f08ff890-f195-4088-90be-124bd8ba48a7}</UniqueIdentifier>
    </Filter>
    <Filter Include="include\containers">
      <UniqueIdentifier>{840c9053-497d-48fd-a6f1-2b74545aa52f}</UniqueIdentifier>
    </Filter>
  </ItemGroup>
  <ItemGroup>
    <ClInclude Include="include\ca\pa\log.hpp">
      <Filter>include</Filter>
    </ClInclude>
    <ClInclude Include="include\ca\pa\memory\refptr.hpp">
      <Filter>include\memory</Filter>
    </ClInclude>
    <ClInclude Include="include\ca\paper.hpp">
      <Filter>include</Filter>
    </ClInclude>
    <ClInclude Include="include\ca\pa\containers\hashmap.hpp">
      <Filter>include\containers</Filter>
    </ClInclude>
    <ClInclude Include="include\ca\pa\containers\priorityqueue.hpp">
      <Filter>include\containers</Filter>
    </ClInclude>
    <ClInclude Include="include\ca\pa\highresclock.hpp">
      <Filter>include</Filter>
    </ClInclude>
    <ClInclude Include="include\ca\pa\containers\hashset.hpp">
      <Filter>include\containers</Filter>
    </ClInclude>
  </ItemGroup>
  <ItemGroup>
    <ClCompile Include="src\log.cpp">
      <Filter>src</Filter>
    </ClCompile>
    <ClCompile Include="src\highresclock.cpp">
      <Filter>src</Filter>
    </ClCompile>
  </ItemGroup>
</Project>