<?xml version="1.0" encoding="utf-8"?>
<Project ToolsVersion="4.0" xmlns="http://schemas.microsoft.com/developer/msbuild/2003">
  <ItemGroup>
    <Filter Include="core">
      <UniqueIdentifier>{3ceaba57-6ff7-4b33-a726-945079acfd07}</UniqueIdentifier>
    </Filter>
    <Filter Include="glcore">
      <UniqueIdentifier>{2519bf0c-ed01-4756-bcb2-7d447f1e7d2d}</UniqueIdentifier>
    </Filter>
    <Filter Include="renderer">
      <UniqueIdentifier>{49a0703a-49f3-41f6-8fb3-276e58a8df7e}</UniqueIdentifier>
    </Filter>
    <Filter Include="utilities">
      <UniqueIdentifier>{b26e36ee-248a-4dd0-b288-ce9c54695dbf}</UniqueIdentifier>
    </Filter>
    <Filter Include="dependencies">
      <UniqueIdentifier>{8953d5bc-2921-43e3-a36f-911ca7047b1c}</UniqueIdentifier>
    </Filter>
    <Filter Include="dependencies\freetype">
      <UniqueIdentifier>{bbd0afb4-7b04-429a-b222-28077fc69385}</UniqueIdentifier>
    </Filter>
  </ItemGroup>
  <ItemGroup>
    <ClInclude Include="include\ca\cc\core\manager.hpp">
      <Filter>core</Filter>
    </ClInclude>
    <ClInclude Include="include\ca\cc\core\scopedptr.hpp">
      <Filter>core</Filter>
    </ClInclude>
    <ClInclude Include="include\ca\cc\glcore\sampler.hpp">
      <Filter>glcore</Filter>
    </ClInclude>
    <ClInclude Include="include\ca\cc\glcore\shader.hpp">
      <Filter>glcore</Filter>
    </ClInclude>
    <ClInclude Include="include\ca\cc\glcore\texture.hpp">
      <Filter>glcore</Filter>
    </ClInclude>
    <ClInclude Include="include\ca\cc\glcore\vertexformat.hpp">
      <Filter>glcore</Filter>
    </ClInclude>
    <ClInclude Include="include\ca\cc\glcore\device.hpp">
      <Filter>glcore</Filter>
    </ClInclude>
    <ClInclude Include="include\ca\cc\glcore\geometrybuffer.hpp">
      <Filter>glcore</Filter>
    </ClInclude>
    <ClInclude Include="include\ca\cc\glcore\opengl.hpp">
      <Filter>glcore</Filter>
    </ClInclude>
    <ClInclude Include="include\ca\cc\renderer\instancerenderer.hpp">
      <Filter>renderer</Filter>
    </ClInclude>
    <ClInclude Include="include\ca\cc\renderer\linerenderer.hpp">
      <Filter>renderer</Filter>
    </ClInclude>
    <ClInclude Include="include\ca\cc\renderer\spriterenderer.hpp">
      <Filter>renderer</Filter>
    </ClInclude>
    <ClInclude Include="include\ca\cc\renderer\fontrenderer.hpp">
      <Filter>renderer</Filter>
    </ClInclude>
    <ClInclude Include="include\ca\cc\utilities\half.hpp">
      <Filter>utilities</Filter>
    </ClInclude>
    <ClInclude Include="include\ca\charcoal.hpp" />
    <ClInclude Include="include\ca\cc\glcore\buffer.hpp">
      <Filter>glcore</Filter>
    </ClInclude>
    <ClInclude Include="include\ca\cc\glcore\framebuffer.hpp">
      <Filter>glcore</Filter>
    </ClInclude>
  </ItemGroup>
  <ItemGroup>
    <ClCompile Include="dependencies\freetype\src\type1cid.c">
      <Filter>dependencies\freetype</Filter>
    </ClCompile>
    <ClCompile Include="dependencies\freetype\src\type42.c">
      <Filter>dependencies\freetype</Filter>
    </ClCompile>
    <ClCompile Include="dependencies\freetype\src\winfnt.c">
      <Filter>dependencies\freetype</Filter>
    </ClCompile>
    <ClCompile Include="dependencies\freetype\src\autofit.c">
      <Filter>dependencies\freetype</Filter>
    </ClCompile>
    <ClCompile Include="dependencies\freetype\src\bdf.c">
      <Filter>dependencies\freetype</Filter>
    </ClCompile>
    <ClCompile Include="dependencies\freetype\src\cff.c">
      <Filter>dependencies\freetype</Filter>
    </ClCompile>
    <ClCompile Include="dependencies\freetype\src\ftbase.c">
      <Filter>dependencies\freetype</Filter>
    </ClCompile>
    <ClCompile Include="dependencies\freetype\src\ftbbox.c">
      <Filter>dependencies\freetype</Filter>
    </ClCompile>
    <ClCompile Include="dependencies\freetype\src\ftbdf.c">
      <Filter>dependencies\freetype</Filter>
    </ClCompile>
    <ClCompile Include="dependencies\freetype\src\ftbitmap.c">
      <Filter>dependencies\freetype</Filter>
    </ClCompile>
    <ClCompile Include="dependencies\freetype\src\ftbzip2.c">
      <Filter>dependencies\freetype</Filter>
    </ClCompile>
    <ClCompile Include="dependencies\freetype\src\ftcache.c">
      <Filter>dependencies\freetype</Filter>
    </ClCompile>
    <ClCompile Include="dependencies\freetype\src\ftcid.c">
      <Filter>dependencies\freetype</Filter>
    </ClCompile>
    <ClCompile Include="dependencies\freetype\src\ftdebug.c">
      <Filter>dependencies\freetype</Filter>
    </ClCompile>
    <ClCompile Include="dependencies\freetype\src\ftfntfmt.c">
      <Filter>dependencies\freetype</Filter>
    </ClCompile>
    <ClCompile Include="dependencies\freetype\src\ftfstype.c">
      <Filter>dependencies\freetype</Filter>
    </ClCompile>
    <ClCompile Include="dependencies\freetype\src\ftgasp.c">
      <Filter>dependencies\freetype</Filter>
    </ClCompile>
    <ClCompile Include="dependencies\freetype\src\ftglyph.c">
      <Filter>dependencies\freetype</Filter>
    </ClCompile>
    <ClCompile Include="dependencies\freetype\src\ftgxval.c">
      <Filter>dependencies\freetype</Filter>
    </ClCompile>
    <ClCompile Include="dependencies\freetype\src\ftgzip.c">
      <Filter>dependencies\freetype</Filter>
    </ClCompile>
    <ClCompile Include="dependencies\freetype\src\ftinit.c">
      <Filter>dependencies\freetype</Filter>
    </ClCompile>
    <ClCompile Include="dependencies\freetype\src\ftlcdfil.c">
      <Filter>dependencies\freetype</Filter>
    </ClCompile>
    <ClCompile Include="dependencies\freetype\src\ftlzw.c">
      <Filter>dependencies\freetype</Filter>
    </ClCompile>
    <ClCompile Include="dependencies\freetype\src\ftmm.c">
      <Filter>dependencies\freetype</Filter>
    </ClCompile>
    <ClCompile Include="dependencies\freetype\src\ftotval.c">
      <Filter>dependencies\freetype</Filter>
    </ClCompile>
    <ClCompile Include="dependencies\freetype\src\ftpatent.c">
      <Filter>dependencies\freetype</Filter>
    </ClCompile>
    <ClCompile Include="dependencies\freetype\src\ftpfr.c">
      <Filter>dependencies\freetype</Filter>
    </ClCompile>
    <ClCompile Include="dependencies\freetype\src\ftstroke.c">
      <Filter>dependencies\freetype</Filter>
    </ClCompile>
    <ClCompile Include="dependencies\freetype\src\ftsynth.c">
      <Filter>dependencies\freetype</Filter>
    </ClCompile>
    <ClCompile Include="dependencies\freetype\src\ftsystem.c">
      <Filter>dependencies\freetype</Filter>
    </ClCompile>
    <ClCompile Include="dependencies\freetype\src\fttype1.c">
      <Filter>dependencies\freetype</Filter>
    </ClCompile>
    <ClCompile Include="dependencies\freetype\src\ftwinfnt.c">
      <Filter>dependencies\freetype</Filter>
    </ClCompile>
    <ClCompile Include="dependencies\freetype\src\pcf.c">
      <Filter>dependencies\freetype</Filter>
    </ClCompile>
    <ClCompile Include="dependencies\freetype\src\pfr.c">
      <Filter>dependencies\freetype</Filter>
    </ClCompile>
    <ClCompile Include="dependencies\freetype\src\psaux.c">
      <Filter>dependencies\freetype</Filter>
    </ClCompile>
    <ClCompile Include="dependencies\freetype\src\pshinter.c">
      <Filter>dependencies\freetype</Filter>
    </ClCompile>
    <ClCompile Include="dependencies\freetype\src\psnames.c">
      <Filter>dependencies\freetype</Filter>
    </ClCompile>
    <ClCompile Include="dependencies\freetype\src\raster.c">
      <Filter>dependencies\freetype</Filter>
    </ClCompile>
    <ClCompile Include="dependencies\freetype\src\sfnt.c">
      <Filter>dependencies\freetype</Filter>
    </ClCompile>
    <ClCompile Include="dependencies\freetype\src\smooth.c">
      <Filter>dependencies\freetype</Filter>
    </ClCompile>
    <ClCompile Include="dependencies\freetype\src\truetype.c">
      <Filter>dependencies\freetype</Filter>
    </ClCompile>
    <ClCompile Include="dependencies\freetype\src\type1.c">
      <Filter>dependencies\freetype</Filter>
    </ClCompile>
    <ClCompile Include="src\glcore\shader.cpp">
      <Filter>glcore</Filter>
    </ClCompile>
    <ClCompile Include="src\glcore\texture.cpp">
      <Filter>glcore</Filter>
    </ClCompile>
    <ClCompile Include="src\glcore\vertexformat.cpp">
      <Filter>glcore</Filter>
    </ClCompile>
    <ClCompile Include="src\glcore\device.cpp">
      <Filter>glcore</Filter>
    </ClCompile>
    <ClCompile Include="src\glcore\opengl.cpp">
      <Filter>glcore</Filter>
    </ClCompile>
    <ClCompile Include="src\glcore\sampler.cpp">
      <Filter>glcore</Filter>
    </ClCompile>
    <ClCompile Include="src\renderer\fontrenderer.cpp">
      <Filter>renderer</Filter>
    </ClCompile>
    <ClCompile Include="src\renderer\instancerenderer.cpp">
      <Filter>renderer</Filter>
    </ClCompile>
    <ClCompile Include="src\renderer\spriterenderer.cpp">
      <Filter>renderer</Filter>
    </ClCompile>
    <ClCompile Include="src\utilities\half.cpp">
      <Filter>utilities</Filter>
    </ClCompile>
    <ClCompile Include="src\glcore\geometrybuffer.cpp">
      <Filter>glcore</Filter>
    </ClCompile>
    <ClCompile Include="src\renderer\linerenderer.cpp">
      <Filter>renderer</Filter>
    </ClCompile>
    <ClCompile Include="src\glcore\buffer.cpp">
      <Filter>glcore</Filter>
    </ClCompile>
    <ClCompile Include="src\glcore\framebuffer.cpp">
      <Filter>glcore</Filter>
    </ClCompile>
  </ItemGroup>
</Project>