<?xml version="1.0" encoding="utf-8"?>
<Project ToolsVersion="4.0" xmlns="http://schemas.microsoft.com/developer/msbuild/2003">
  <ItemGroup>
    <Filter Include="src">
      <UniqueIdentifier>{61be4ad0-2eb7-40b9-9fdf-fc41da3cf2f4}</UniqueIdentifier>
    </Filter>
  </ItemGroup>
  <ItemGroup>
    <ClCompile Include="demo\cubemain.cpp">
      <Filter>src</Filter>
    </ClCompile>
    <ClCompile Include="demo\stdwindow.cpp">
      <Filter>src</Filter>
    </ClCompile>
  </ItemGroup>
  <ItemGroup>
    <ClInclude Include="demo\stdwindow.hpp">
      <Filter>src</Filter>
    </ClInclude>
  </ItemGroup>
</Project>