<?xml version="1.0" encoding="utf-8"?>
<Project ToolsVersion="4.0" xmlns="http://schemas.microsoft.com/developer/msbuild/2003">
  <ItemGroup>
    <Filter Include="src">
      <UniqueIdentifier>{1739f20a-1469-4d90-8a9d-93329c370f2f}</UniqueIdentifier>
    </Filter>
  </ItemGroup>
  <ItemGroup>
    <ClCompile Include="demo\textmain.cpp">
      <Filter>src</Filter>
    </ClCompile>
    <ClCompile Include="demo\stdwindow.cpp">
      <Filter>src</Filter>
    </ClCompile>
  </ItemGroup>
  <ItemGroup>
    <ClInclude Include="demo\stdwindow.hpp">
      <Filter>src</Filter>
    </ClInclude>
  </ItemGroup>
</Project>